// !$*UTF8*$!
{
	archiveVersion = 1;
	classes = {
	};
	objectVersion = 46;
	objects = {

/* Begin PBXBuildFile section */
		01429A4A1F7BA74300AAB54F /* MenuView.m in Sources */ = {isa = PBXBuildFile; fileRef = 01429A491F7BA74300AAB54F /* MenuView.m */; };
		0162802D1F7B95D500FB1577 /* main.m in Sources */ = {isa = PBXBuildFile; fileRef = 0162802C1F7B95D500FB1577 /* main.m */; };
		016280301F7B95D500FB1577 /* AppDelegate.m in Sources */ = {isa = PBXBuildFile; fileRef = 0162802F1F7B95D500FB1577 /* AppDelegate.m */; };
		016280381F7B95D500FB1577 /* Assets.xcassets in Resources */ = {isa = PBXBuildFile; fileRef = 016280371F7B95D500FB1577 /* Assets.xcassets */; };
		0162803B1F7B95D500FB1577 /* LaunchScreen.storyboard in Resources */ = {isa = PBXBuildFile; fileRef = 016280391F7B95D500FB1577 /* LaunchScreen.storyboard */; };
		016280461F7B95D500FB1577 /* APPlayerTests.m in Sources */ = {isa = PBXBuildFile; fileRef = 016280451F7B95D500FB1577 /* APPlayerTests.m */; };
		016280511F7B95D500FB1577 /* APPlayerUITests.m in Sources */ = {isa = PBXBuildFile; fileRef = 016280501F7B95D500FB1577 /* APPlayerUITests.m */; };
		016280611F7B96CF00FB1577 /* FavoritesVC.m in Sources */ = {isa = PBXBuildFile; fileRef = 016280601F7B96CF00FB1577 /* FavoritesVC.m */; };
		016280671F7B9CF000FB1577 /* ControllerBar.m in Sources */ = {isa = PBXBuildFile; fileRef = 016280661F7B9CF000FB1577 /* ControllerBar.m */; };
		019259AF1F7F6F9D00991875 /* SystemAlbum.m in Sources */ = {isa = PBXBuildFile; fileRef = 019259AE1F7F6F9D00991875 /* SystemAlbum.m */; };
		01D139031F7E2D38000D45BD /* SettingMenuVC.m in Sources */ = {isa = PBXBuildFile; fileRef = 01D139021F7E2D38000D45BD /* SettingMenuVC.m */; };
		01D139061F7E30C0000D45BD /* RootNavigationController.m in Sources */ = {isa = PBXBuildFile; fileRef = 01D139051F7E30C0000D45BD /* RootNavigationController.m */; };
		01ED24B61F7C930F0017FFAA /* FavoritesInnerVC.m in Sources */ = {isa = PBXBuildFile; fileRef = 01ED24B51F7C930F0017FFAA /* FavoritesInnerVC.m */; };
		01ED25011F7CE64D0017FFAA /* PlayerVC.m in Sources */ = {isa = PBXBuildFile; fileRef = 01ED25001F7CE64D0017FFAA /* PlayerVC.m */; };
		2F157E1405D2DDDF1F1A23C7 /* libPods-APPlayer.a in Frameworks */ = {isa = PBXBuildFile; fileRef = 034134887CFF1756C7BEB1E0 /* libPods-APPlayer.a */; };
/* End PBXBuildFile section */

/* Begin PBXContainerItemProxy section */
		016280421F7B95D500FB1577 /* PBXContainerItemProxy */ = {
			isa = PBXContainerItemProxy;
			containerPortal = 016280201F7B95D500FB1577 /* Project object */;
			proxyType = 1;
			remoteGlobalIDString = 016280271F7B95D500FB1577;
			remoteInfo = APPlayer;
		};
		0162804D1F7B95D500FB1577 /* PBXContainerItemProxy */ = {
			isa = PBXContainerItemProxy;
			containerPortal = 016280201F7B95D500FB1577 /* Project object */;
			proxyType = 1;
			remoteGlobalIDString = 016280271F7B95D500FB1577;
			remoteInfo = APPlayer;
		};
/* End PBXContainerItemProxy section */

/* Begin PBXFileReference section */
		01429A481F7BA74300AAB54F /* MenuView.h */ = {isa = PBXFileReference; fileEncoding = 4; lastKnownFileType = sourcecode.c.h; path = MenuView.h; sourceTree = "<group>"; };
		01429A491F7BA74300AAB54F /* MenuView.m */ = {isa = PBXFileReference; fileEncoding = 4; lastKnownFileType = sourcecode.c.objc; path = MenuView.m; sourceTree = "<group>"; };
		016280281F7B95D500FB1577 /* APPlayer.app */ = {isa = PBXFileReference; explicitFileType = wrapper.application; includeInIndex = 0; path = APPlayer.app; sourceTree = BUILT_PRODUCTS_DIR; };
		0162802C1F7B95D500FB1577 /* main.m */ = {isa = PBXFileReference; lastKnownFileType = sourcecode.c.objc; path = main.m; sourceTree = "<group>"; };
		0162802E1F7B95D500FB1577 /* AppDelegate.h */ = {isa = PBXFileReference; lastKnownFileType = sourcecode.c.h; path = AppDelegate.h; sourceTree = "<group>"; };
		0162802F1F7B95D500FB1577 /* AppDelegate.m */ = {isa = PBXFileReference; lastKnownFileType = sourcecode.c.objc; path = AppDelegate.m; sourceTree = "<group>"; };
		016280371F7B95D500FB1577 /* Assets.xcassets */ = {isa = PBXFileReference; lastKnownFileType = folder.assetcatalog; path = Assets.xcassets; sourceTree = "<group>"; };
		0162803A1F7B95D500FB1577 /* Base */ = {isa = PBXFileReference; lastKnownFileType = file.storyboard; name = Base; path = Base.lproj/LaunchScreen.storyboard; sourceTree = "<group>"; };
		0162803C1F7B95D500FB1577 /* Info.plist */ = {isa = PBXFileReference; lastKnownFileType = text.plist.xml; path = Info.plist; sourceTree = "<group>"; };
		016280411F7B95D500FB1577 /* APPlayerTests.xctest */ = {isa = PBXFileReference; explicitFileType = wrapper.cfbundle; includeInIndex = 0; path = APPlayerTests.xctest; sourceTree = BUILT_PRODUCTS_DIR; };
		016280451F7B95D500FB1577 /* APPlayerTests.m */ = {isa = PBXFileReference; lastKnownFileType = sourcecode.c.objc; path = APPlayerTests.m; sourceTree = "<group>"; };
		016280471F7B95D500FB1577 /* Info.plist */ = {isa = PBXFileReference; lastKnownFileType = text.plist.xml; path = Info.plist; sourceTree = "<group>"; };
		0162804C1F7B95D500FB1577 /* APPlayerUITests.xctest */ = {isa = PBXFileReference; explicitFileType = wrapper.cfbundle; includeInIndex = 0; path = APPlayerUITests.xctest; sourceTree = BUILT_PRODUCTS_DIR; };
		016280501F7B95D500FB1577 /* APPlayerUITests.m */ = {isa = PBXFileReference; lastKnownFileType = sourcecode.c.objc; path = APPlayerUITests.m; sourceTree = "<group>"; };
		016280521F7B95D500FB1577 /* Info.plist */ = {isa = PBXFileReference; lastKnownFileType = text.plist.xml; path = Info.plist; sourceTree = "<group>"; };
		0162805F1F7B96CF00FB1577 /* FavoritesVC.h */ = {isa = PBXFileReference; fileEncoding = 4; lastKnownFileType = sourcecode.c.h; path = FavoritesVC.h; sourceTree = "<group>"; };
		016280601F7B96CF00FB1577 /* FavoritesVC.m */ = {isa = PBXFileReference; fileEncoding = 4; lastKnownFileType = sourcecode.c.objc; path = FavoritesVC.m; sourceTree = "<group>"; };
		016280651F7B9CF000FB1577 /* ControllerBar.h */ = {isa = PBXFileReference; fileEncoding = 4; lastKnownFileType = sourcecode.c.h; path = ControllerBar.h; sourceTree = "<group>"; };
		016280661F7B9CF000FB1577 /* ControllerBar.m */ = {isa = PBXFileReference; fileEncoding = 4; lastKnownFileType = sourcecode.c.objc; path = ControllerBar.m; sourceTree = "<group>"; };
		019259AD1F7F6F9D00991875 /* SystemAlbum.h */ = {isa = PBXFileReference; lastKnownFileType = sourcecode.c.h; path = SystemAlbum.h; sourceTree = "<group>"; };
		019259AE1F7F6F9D00991875 /* SystemAlbum.m */ = {isa = PBXFileReference; lastKnownFileType = sourcecode.c.objc; path = SystemAlbum.m; sourceTree = "<group>"; };
		01D139011F7E2D38000D45BD /* SettingMenuVC.h */ = {isa = PBXFileReference; fileEncoding = 4; lastKnownFileType = sourcecode.c.h; path = SettingMenuVC.h; sourceTree = "<group>"; };
		01D139021F7E2D38000D45BD /* SettingMenuVC.m */ = {isa = PBXFileReference; fileEncoding = 4; lastKnownFileType = sourcecode.c.objc; path = SettingMenuVC.m; sourceTree = "<group>"; };
		01D139041F7E30C0000D45BD /* RootNavigationController.h */ = {isa = PBXFileReference; fileEncoding = 4; lastKnownFileType = sourcecode.c.h; path = RootNavigationController.h; sourceTree = "<group>"; };
		01D139051F7E30C0000D45BD /* RootNavigationController.m */ = {isa = PBXFileReference; fileEncoding = 4; lastKnownFileType = sourcecode.c.objc; path = RootNavigationController.m; sourceTree = "<group>"; };
		01ED24B41F7C930F0017FFAA /* FavoritesInnerVC.h */ = {isa = PBXFileReference; fileEncoding = 4; lastKnownFileType = sourcecode.c.h; path = FavoritesInnerVC.h; sourceTree = "<group>"; };
		01ED24B51F7C930F0017FFAA /* FavoritesInnerVC.m */ = {isa = PBXFileReference; fileEncoding = 4; lastKnownFileType = sourcecode.c.objc; path = FavoritesInnerVC.m; sourceTree = "<group>"; };
		01ED24FF1F7CE64D0017FFAA /* PlayerVC.h */ = {isa = PBXFileReference; fileEncoding = 4; lastKnownFileType = sourcecode.c.h; path = PlayerVC.h; sourceTree = "<group>"; };
		01ED25001F7CE64D0017FFAA /* PlayerVC.m */ = {isa = PBXFileReference; fileEncoding = 4; lastKnownFileType = sourcecode.c.objc; path = PlayerVC.m; sourceTree = "<group>"; };
		034134887CFF1756C7BEB1E0 /* libPods-APPlayer.a */ = {isa = PBXFileReference; explicitFileType = archive.ar; includeInIndex = 0; path = "libPods-APPlayer.a"; sourceTree = BUILT_PRODUCTS_DIR; };
		30B0572B94E43033ED098BC6 /* Pods-APPlayer.debug.xcconfig */ = {isa = PBXFileReference; includeInIndex = 1; lastKnownFileType = text.xcconfig; name = "Pods-APPlayer.debug.xcconfig"; path = "Pods/Target Support Files/Pods-APPlayer/Pods-APPlayer.debug.xcconfig"; sourceTree = "<group>"; };
		99FFE331020DC053547756F1 /* Pods-APPlayer.release.xcconfig */ = {isa = PBXFileReference; includeInIndex = 1; lastKnownFileType = text.xcconfig; name = "Pods-APPlayer.release.xcconfig"; path = "Pods/Target Support Files/Pods-APPlayer/Pods-APPlayer.release.xcconfig"; sourceTree = "<group>"; };
/* End PBXFileReference section */

/* Begin PBXFrameworksBuildPhase section */
		016280251F7B95D500FB1577 /* Frameworks */ = {
			isa = PBXFrameworksBuildPhase;
			buildActionMask = 2147483647;
			files = (
				2F157E1405D2DDDF1F1A23C7 /* libPods-APPlayer.a in Frameworks */,
			);
			runOnlyForDeploymentPostprocessing = 0;
		};
		0162803E1F7B95D500FB1577 /* Frameworks */ = {
			isa = PBXFrameworksBuildPhase;
			buildActionMask = 2147483647;
			files = (
			);
			runOnlyForDeploymentPostprocessing = 0;
		};
		016280491F7B95D500FB1577 /* Frameworks */ = {
			isa = PBXFrameworksBuildPhase;
			buildActionMask = 2147483647;
			files = (
			);
			runOnlyForDeploymentPostprocessing = 0;
		};
/* End PBXFrameworksBuildPhase section */

/* Begin PBXGroup section */
		0162801F1F7B95D500FB1577 = {
			isa = PBXGroup;
			children = (
				0162802A1F7B95D500FB1577 /* APPlayer */,
				016280441F7B95D500FB1577 /* APPlayerTests */,
				0162804F1F7B95D500FB1577 /* APPlayerUITests */,
				016280291F7B95D500FB1577 /* Products */,
				98E0EE59434ADC2943DE4110 /* Pods */,
				2F5540BB7E6DDC2E05890355 /* Frameworks */,
			);
			sourceTree = "<group>";
		};
		016280291F7B95D500FB1577 /* Products */ = {
			isa = PBXGroup;
			children = (
				016280281F7B95D500FB1577 /* APPlayer.app */,
				016280411F7B95D500FB1577 /* APPlayerTests.xctest */,
				0162804C1F7B95D500FB1577 /* APPlayerUITests.xctest */,
			);
			name = Products;
			sourceTree = "<group>";
		};
		0162802A1F7B95D500FB1577 /* APPlayer */ = {
			isa = PBXGroup;
			children = (
				0162805E1F7B967600FB1577 /* View */,
				0162802E1F7B95D500FB1577 /* AppDelegate.h */,
				0162802F1F7B95D500FB1577 /* AppDelegate.m */,
				016280371F7B95D500FB1577 /* Assets.xcassets */,
				016280391F7B95D500FB1577 /* LaunchScreen.storyboard */,
				0162803C1F7B95D500FB1577 /* Info.plist */,
				0162802B1F7B95D500FB1577 /* Supporting Files */,
			);
			path = APPlayer;
			sourceTree = "<group>";
		};
		0162802B1F7B95D500FB1577 /* Supporting Files */ = {
			isa = PBXGroup;
			children = (
				0162802C1F7B95D500FB1577 /* main.m */,
			);
			name = "Supporting Files";
			sourceTree = "<group>";
		};
		016280441F7B95D500FB1577 /* APPlayerTests */ = {
			isa = PBXGroup;
			children = (
				016280451F7B95D500FB1577 /* APPlayerTests.m */,
				016280471F7B95D500FB1577 /* Info.plist */,
			);
			path = APPlayerTests;
			sourceTree = "<group>";
		};
		0162804F1F7B95D500FB1577 /* APPlayerUITests */ = {
			isa = PBXGroup;
			children = (
				016280501F7B95D500FB1577 /* APPlayerUITests.m */,
				016280521F7B95D500FB1577 /* Info.plist */,
			);
			path = APPlayerUITests;
			sourceTree = "<group>";
		};
		0162805E1F7B967600FB1577 /* View */ = {
			isa = PBXGroup;
			children = (
				0162805F1F7B96CF00FB1577 /* FavoritesVC.h */,
				016280601F7B96CF00FB1577 /* FavoritesVC.m */,
				01ED24B41F7C930F0017FFAA /* FavoritesInnerVC.h */,
				01ED24B51F7C930F0017FFAA /* FavoritesInnerVC.m */,
				01ED24FF1F7CE64D0017FFAA /* PlayerVC.h */,
				01ED25001F7CE64D0017FFAA /* PlayerVC.m */,
				016280651F7B9CF000FB1577 /* ControllerBar.h */,
				016280661F7B9CF000FB1577 /* ControllerBar.m */,
				01429A481F7BA74300AAB54F /* MenuView.h */,
				01429A491F7BA74300AAB54F /* MenuView.m */,
				01D139011F7E2D38000D45BD /* SettingMenuVC.h */,
				01D139021F7E2D38000D45BD /* SettingMenuVC.m */,
				01D139041F7E30C0000D45BD /* RootNavigationController.h */,
				01D139051F7E30C0000D45BD /* RootNavigationController.m */,
				019259AD1F7F6F9D00991875 /* SystemAlbum.h */,
				019259AE1F7F6F9D00991875 /* SystemAlbum.m */,
			);
			name = View;
			sourceTree = "<group>";
		};
		2F5540BB7E6DDC2E05890355 /* Frameworks */ = {
			isa = PBXGroup;
			children = (
				034134887CFF1756C7BEB1E0 /* libPods-APPlayer.a */,
			);
			name = Frameworks;
			sourceTree = "<group>";
		};
		98E0EE59434ADC2943DE4110 /* Pods */ = {
			isa = PBXGroup;
			children = (
				30B0572B94E43033ED098BC6 /* Pods-APPlayer.debug.xcconfig */,
				99FFE331020DC053547756F1 /* Pods-APPlayer.release.xcconfig */,
			);
			name = Pods;
			sourceTree = "<group>";
		};
/* End PBXGroup section */

/* Begin PBXNativeTarget section */
		016280271F7B95D500FB1577 /* APPlayer */ = {
			isa = PBXNativeTarget;
			buildConfigurationList = 016280551F7B95D500FB1577 /* Build configuration list for PBXNativeTarget "APPlayer" */;
			buildPhases = (
				B6992747F651F27030B28F0C /* [CP] Check Pods Manifest.lock */,
				016280241F7B95D500FB1577 /* Sources */,
				016280251F7B95D500FB1577 /* Frameworks */,
				016280261F7B95D500FB1577 /* Resources */,
				709DB20C3D9C1E75E480CD68 /* [CP] Embed Pods Frameworks */,
				6C8DE993513CE4BA360657E4 /* [CP] Copy Pods Resources */,
			);
			buildRules = (
			);
			dependencies = (
			);
			name = APPlayer;
			productName = APPlayer;
			productReference = 016280281F7B95D500FB1577 /* APPlayer.app */;
			productType = "com.apple.product-type.application";
		};
		016280401F7B95D500FB1577 /* APPlayerTests */ = {
			isa = PBXNativeTarget;
			buildConfigurationList = 016280581F7B95D500FB1577 /* Build configuration list for PBXNativeTarget "APPlayerTests" */;
			buildPhases = (
				0162803D1F7B95D500FB1577 /* Sources */,
				0162803E1F7B95D500FB1577 /* Frameworks */,
				0162803F1F7B95D500FB1577 /* Resources */,
			);
			buildRules = (
			);
			dependencies = (
				016280431F7B95D500FB1577 /* PBXTargetDependency */,
			);
			name = APPlayerTests;
			productName = APPlayerTests;
			productReference = 016280411F7B95D500FB1577 /* APPlayerTests.xctest */;
			productType = "com.apple.product-type.bundle.unit-test";
		};
		0162804B1F7B95D500FB1577 /* APPlayerUITests */ = {
			isa = PBXNativeTarget;
			buildConfigurationList = 0162805B1F7B95D500FB1577 /* Build configuration list for PBXNativeTarget "APPlayerUITests" */;
			buildPhases = (
				016280481F7B95D500FB1577 /* Sources */,
				016280491F7B95D500FB1577 /* Frameworks */,
				0162804A1F7B95D500FB1577 /* Resources */,
			);
			buildRules = (
			);
			dependencies = (
				0162804E1F7B95D500FB1577 /* PBXTargetDependency */,
			);
			name = APPlayerUITests;
			productName = APPlayerUITests;
			productReference = 0162804C1F7B95D500FB1577 /* APPlayerUITests.xctest */;
			productType = "com.apple.product-type.bundle.ui-testing";
		};
/* End PBXNativeTarget section */

/* Begin PBXProject section */
		016280201F7B95D500FB1577 /* Project object */ = {
			isa = PBXProject;
			attributes = {
				LastUpgradeCheck = 0830;
				ORGANIZATIONNAME = lavanille;
				TargetAttributes = {
					016280271F7B95D500FB1577 = {
						CreatedOnToolsVersion = 8.3.3;
						DevelopmentTeam = 9RDTB937LX;
						ProvisioningStyle = Automatic;
					};
					016280401F7B95D500FB1577 = {
						CreatedOnToolsVersion = 8.3.3;
						ProvisioningStyle = Automatic;
						TestTargetID = 016280271F7B95D500FB1577;
					};
					0162804B1F7B95D500FB1577 = {
						CreatedOnToolsVersion = 8.3.3;
						ProvisioningStyle = Automatic;
						TestTargetID = 016280271F7B95D500FB1577;
					};
				};
			};
			buildConfigurationList = 016280231F7B95D500FB1577 /* Build configuration list for PBXProject "APPlayer" */;
			compatibilityVersion = "Xcode 3.2";
			developmentRegion = English;
			hasScannedForEncodings = 0;
			knownRegions = (
				en,
				Base,
			);
			mainGroup = 0162801F1F7B95D500FB1577;
			productRefGroup = 016280291F7B95D500FB1577 /* Products */;
			projectDirPath = "";
			projectRoot = "";
			targets = (
				016280271F7B95D500FB1577 /* APPlayer */,
				016280401F7B95D500FB1577 /* APPlayerTests */,
				0162804B1F7B95D500FB1577 /* APPlayerUITests */,
			);
		};
/* End PBXProject section */

/* Begin PBXResourcesBuildPhase section */
		016280261F7B95D500FB1577 /* Resources */ = {
			isa = PBXResourcesBuildPhase;
			buildActionMask = 2147483647;
			files = (
				0162803B1F7B95D500FB1577 /* LaunchScreen.storyboard in Resources */,
				016280381F7B95D500FB1577 /* Assets.xcassets in Resources */,
			);
			runOnlyForDeploymentPostprocessing = 0;
		};
		0162803F1F7B95D500FB1577 /* Resources */ = {
			isa = PBXResourcesBuildPhase;
			buildActionMask = 2147483647;
			files = (
			);
			runOnlyForDeploymentPostprocessing = 0;
		};
		0162804A1F7B95D500FB1577 /* Resources */ = {
			isa = PBXResourcesBuildPhase;
			buildActionMask = 2147483647;
			files = (
			);
			runOnlyForDeploymentPostprocessing = 0;
		};
/* End PBXResourcesBuildPhase section */

/* Begin PBXShellScriptBuildPhase section */
		6C8DE993513CE4BA360657E4 /* [CP] Copy Pods Resources */ = {
			isa = PBXShellScriptBuildPhase;
			buildActionMask = 2147483647;
			files = (
			);
			inputPaths = (
			);
			name = "[CP] Copy Pods Resources";
			outputPaths = (
			);
			runOnlyForDeploymentPostprocessing = 0;
			shellPath = /bin/sh;
			shellScript = "\"${SRCROOT}/Pods/Target Support Files/Pods-APPlayer/Pods-APPlayer-resources.sh\"\n";
			showEnvVarsInLog = 0;
		};
		709DB20C3D9C1E75E480CD68 /* [CP] Embed Pods Frameworks */ = {
			isa = PBXShellScriptBuildPhase;
			buildActionMask = 2147483647;
			files = (
			);
			inputPaths = (
			);
			name = "[CP] Embed Pods Frameworks";
			outputPaths = (
			);
			runOnlyForDeploymentPostprocessing = 0;
			shellPath = /bin/sh;
			shellScript = "\"${SRCROOT}/Pods/Target Support Files/Pods-APPlayer/Pods-APPlayer-frameworks.sh\"\n";
			showEnvVarsInLog = 0;
		};
		B6992747F651F27030B28F0C /* [CP] Check Pods Manifest.lock */ = {
			isa = PBXShellScriptBuildPhase;
			buildActionMask = 2147483647;
			files = (
			);
			inputPaths = (
				"${PODS_PODFILE_DIR_PATH}/Podfile.lock",
				"${PODS_ROOT}/Manifest.lock",
			);
			name = "[CP] Check Pods Manifest.lock";
			outputPaths = (
				"$(DERIVED_FILE_DIR)/Pods-APPlayer-checkManifestLockResult.txt",
			);
			runOnlyForDeploymentPostprocessing = 0;
			shellPath = /bin/sh;
			shellScript = "diff \"${PODS_PODFILE_DIR_PATH}/Podfile.lock\" \"${PODS_ROOT}/Manifest.lock\" > /dev/null\nif [ $? != 0 ] ; then\n    # print error to STDERR\n    echo \"error: The sandbox is not in sync with the Podfile.lock. Run 'pod install' or update your CocoaPods installation.\" >&2\n    exit 1\nfi\n# This output is used by Xcode 'outputs' to avoid re-running this script phase.\necho \"SUCCESS\" > \"${SCRIPT_OUTPUT_FILE_0}\"\n";
			showEnvVarsInLog = 0;
		};
/* End PBXShellScriptBuildPhase section */

/* Begin PBXSourcesBuildPhase section */
		016280241F7B95D500FB1577 /* Sources */ = {
			isa = PBXSourcesBuildPhase;
			buildActionMask = 2147483647;
			files = (
				016280301F7B95D500FB1577 /* AppDelegate.m in Sources */,
				01ED24B61F7C930F0017FFAA /* FavoritesInnerVC.m in Sources */,
				0162802D1F7B95D500FB1577 /* main.m in Sources */,
				019259AF1F7F6F9D00991875 /* SystemAlbum.m in Sources */,
				01ED25011F7CE64D0017FFAA /* PlayerVC.m in Sources */,
				01D139061F7E30C0000D45BD /* RootNavigationController.m in Sources */,
				016280611F7B96CF00FB1577 /* FavoritesVC.m in Sources */,
				016280671F7B9CF000FB1577 /* ControllerBar.m in Sources */,
				01D139031F7E2D38000D45BD /* SettingMenuVC.m in Sources */,
				01429A4A1F7BA74300AAB54F /* MenuView.m in Sources */,
			);
			runOnlyForDeploymentPostprocessing = 0;
		};
		0162803D1F7B95D500FB1577 /* Sources */ = {
			isa = PBXSourcesBuildPhase;
			buildActionMask = 2147483647;
			files = (
				016280461F7B95D500FB1577 /* APPlayerTests.m in Sources */,
			);
			runOnlyForDeploymentPostprocessing = 0;
		};
		016280481F7B95D500FB1577 /* Sources */ = {
			isa = PBXSourcesBuildPhase;
			buildActionMask = 2147483647;
			files = (
				016280511F7B95D500FB1577 /* APPlayerUITests.m in Sources */,
			);
			runOnlyForDeploymentPostprocessing = 0;
		};
/* End PBXSourcesBuildPhase section */

/* Begin PBXTargetDependency section */
		016280431F7B95D500FB1577 /* PBXTargetDependency */ = {
			isa = PBXTargetDependency;
			target = 016280271F7B95D500FB1577 /* APPlayer */;
			targetProxy = 016280421F7B95D500FB1577 /* PBXContainerItemProxy */;
		};
		0162804E1F7B95D500FB1577 /* PBXTargetDependency */ = {
			isa = PBXTargetDependency;
			target = 016280271F7B95D500FB1577 /* APPlayer */;
			targetProxy = 0162804D1F7B95D500FB1577 /* PBXContainerItemProxy */;
		};
/* End PBXTargetDependency section */

/* Begin PBXVariantGroup section */
		016280391F7B95D500FB1577 /* LaunchScreen.storyboard */ = {
			isa = PBXVariantGroup;
			children = (
				0162803A1F7B95D500FB1577 /* Base */,
			);
			name = LaunchScreen.storyboard;
			sourceTree = "<group>";
		};
/* End PBXVariantGroup section */

/* Begin XCBuildConfiguration section */
		016280531F7B95D500FB1577 /* Debug */ = {
			isa = XCBuildConfiguration;
			buildSettings = {
				ALWAYS_SEARCH_USER_PATHS = NO;
				CLANG_ANALYZER_NONNULL = YES;
				CLANG_ANALYZER_NUMBER_OBJECT_CONVERSION = YES_AGGRESSIVE;
				CLANG_CXX_LANGUAGE_STANDARD = "gnu++0x";
				CLANG_CXX_LIBRARY = "libc++";
				CLANG_ENABLE_MODULES = YES;
				CLANG_ENABLE_OBJC_ARC = YES;
				CLANG_WARN_BOOL_CONVERSION = YES;
				CLANG_WARN_CONSTANT_CONVERSION = YES;
				CLANG_WARN_DIRECT_OBJC_ISA_USAGE = YES_ERROR;
				CLANG_WARN_DOCUMENTATION_COMMENTS = YES;
				CLANG_WARN_EMPTY_BODY = YES;
				CLANG_WARN_ENUM_CONVERSION = YES;
				CLANG_WARN_INFINITE_RECURSION = YES;
				CLANG_WARN_INT_CONVERSION = YES;
				CLANG_WARN_OBJC_ROOT_CLASS = YES_ERROR;
				CLANG_WARN_SUSPICIOUS_MOVE = YES;
				CLANG_WARN_UNREACHABLE_CODE = YES;
				CLANG_WARN__DUPLICATE_METHOD_MATCH = YES;
				"CODE_SIGN_IDENTITY[sdk=iphoneos*]" = "iPhone Developer";
				COPY_PHASE_STRIP = NO;
				DEBUG_INFORMATION_FORMAT = dwarf;
				ENABLE_STRICT_OBJC_MSGSEND = YES;
				ENABLE_TESTABILITY = YES;
				GCC_C_LANGUAGE_STANDARD = gnu99;
				GCC_DYNAMIC_NO_PIC = NO;
				GCC_NO_COMMON_BLOCKS = YES;
				GCC_OPTIMIZATION_LEVEL = 0;
				GCC_PREPROCESSOR_DEFINITIONS = (
					"DEBUG=1",
					"$(inherited)",
				);
				GCC_WARN_64_TO_32_BIT_CONVERSION = YES;
				GCC_WARN_ABOUT_RETURN_TYPE = YES_ERROR;
				GCC_WARN_UNDECLARED_SELECTOR = YES;
				GCC_WARN_UNINITIALIZED_AUTOS = YES_AGGRESSIVE;
				GCC_WARN_UNUSED_FUNCTION = YES;
				GCC_WARN_UNUSED_VARIABLE = YES;
				IPHONEOS_DEPLOYMENT_TARGET = 11.0;
				MTL_ENABLE_DEBUG_INFO = YES;
				ONLY_ACTIVE_ARCH = YES;
				SDKROOT = iphoneos;
			};
			name = Debug;
		};
		016280541F7B95D500FB1577 /* Release */ = {
			isa = XCBuildConfiguration;
			buildSettings = {
				ALWAYS_SEARCH_USER_PATHS = NO;
				CLANG_ANALYZER_NONNULL = YES;
				CLANG_ANALYZER_NUMBER_OBJECT_CONVERSION = YES_AGGRESSIVE;
				CLANG_CXX_LANGUAGE_STANDARD = "gnu++0x";
				CLANG_CXX_LIBRARY = "libc++";
				CLANG_ENABLE_MODULES = YES;
				CLANG_ENABLE_OBJC_ARC = YES;
				CLANG_WARN_BOOL_CONVERSION = YES;
				CLANG_WARN_CONSTANT_CONVERSION = YES;
				CLANG_WARN_DIRECT_OBJC_ISA_USAGE = YES_ERROR;
				CLANG_WARN_DOCUMENTATION_COMMENTS = YES;
				CLANG_WARN_EMPTY_BODY = YES;
				CLANG_WARN_ENUM_CONVERSION = YES;
				CLANG_WARN_INFINITE_RECURSION = YES;
				CLANG_WARN_INT_CONVERSION = YES;
				CLANG_WARN_OBJC_ROOT_CLASS = YES_ERROR;
				CLANG_WARN_SUSPICIOUS_MOVE = YES;
				CLANG_WARN_UNREACHABLE_CODE = YES;
				CLANG_WARN__DUPLICATE_METHOD_MATCH = YES;
				"CODE_SIGN_IDENTITY[sdk=iphoneos*]" = "iPhone Developer";
				COPY_PHASE_STRIP = NO;
				DEBUG_INFORMATION_FORMAT = "dwarf-with-dsym";
				ENABLE_NS_ASSERTIONS = NO;
				ENABLE_STRICT_OBJC_MSGSEND = YES;
				GCC_C_LANGUAGE_STANDARD = gnu99;
				GCC_NO_COMMON_BLOCKS = YES;
				GCC_WARN_64_TO_32_BIT_CONVERSION = YES;
				GCC_WARN_ABOUT_RETURN_TYPE = YES_ERROR;
				GCC_WARN_UNDECLARED_SELECTOR = YES;
				GCC_WARN_UNINITIALIZED_AUTOS = YES_AGGRESSIVE;
				GCC_WARN_UNUSED_FUNCTION = YES;
				GCC_WARN_UNUSED_VARIABLE = YES;
				IPHONEOS_DEPLOYMENT_TARGET = 11.0;
				MTL_ENABLE_DEBUG_INFO = NO;
				SDKROOT = iphoneos;
				VALIDATE_PRODUCT = YES;
			};
			name = Release;
		};
		016280561F7B95D500FB1577 /* Debug */ = {
			isa = XCBuildConfiguration;
			baseConfigurationReference = 30B0572B94E43033ED098BC6 /* Pods-APPlayer.debug.xcconfig */;
			buildSettings = {
				ASSETCATALOG_COMPILER_APPICON_NAME = AppIcon;
				DEVELOPMENT_TEAM = 9RDTB937LX;
				INFOPLIST_FILE = APPlayer/Info.plist;
				IPHONEOS_DEPLOYMENT_TARGET = 11.0;
				LD_RUNPATH_SEARCH_PATHS = "$(inherited) @executable_path/Frameworks";
				PRODUCT_BUNDLE_IDENTIFIER = ajmide.APPlayer;
				PRODUCT_NAME = "$(TARGET_NAME)";
				TARGETED_DEVICE_FAMILY = 2;
			};
			name = Debug;
		};
		016280571F7B95D500FB1577 /* Release */ = {
			isa = XCBuildConfiguration;
			baseConfigurationReference = 99FFE331020DC053547756F1 /* Pods-APPlayer.release.xcconfig */;
			buildSettings = {
				ASSETCATALOG_COMPILER_APPICON_NAME = AppIcon;
				DEVELOPMENT_TEAM = 9RDTB937LX;
				INFOPLIST_FILE = APPlayer/Info.plist;
				IPHONEOS_DEPLOYMENT_TARGET = 11.0;
				LD_RUNPATH_SEARCH_PATHS = "$(inherited) @executable_path/Frameworks";
				PRODUCT_BUNDLE_IDENTIFIER = ajmide.APPlayer;
				PRODUCT_NAME = "$(TARGET_NAME)";
				TARGETED_DEVICE_FAMILY = 2;
			};
			name = Release;
		};
		016280591F7B95D500FB1577 /* Debug */ = {
			isa = XCBuildConfiguration;
			buildSettings = {
				BUNDLE_LOADER = "$(TEST_HOST)";
				INFOPLIST_FILE = APPlayerTests/Info.plist;
				LD_RUNPATH_SEARCH_PATHS = "$(inherited) @executable_path/Frameworks @loader_path/Frameworks";
				PRODUCT_BUNDLE_IDENTIFIER = ajmide.APPlayerTests;
				PRODUCT_NAME = "$(TARGET_NAME)";
				TEST_HOST = "$(BUILT_PRODUCTS_DIR)/APPlayer.app/APPlayer";
			};
			name = Debug;
		};
		0162805A1F7B95D500FB1577 /* Release */ = {
			isa = XCBuildConfiguration;
			buildSettings = {
				BUNDLE_LOADER = "$(TEST_HOST)";
				INFOPLIST_FILE = APPlayerTests/Info.plist;
				LD_RUNPATH_SEARCH_PATHS = "$(inherited) @executable_path/Frameworks @loader_path/Frameworks";
				PRODUCT_BUNDLE_IDENTIFIER = ajmide.APPlayerTests;
				PRODUCT_NAME = "$(TARGET_NAME)";
				TEST_HOST = "$(BUILT_PRODUCTS_DIR)/APPlayer.app/APPlayer";
			};
			name = Release;
		};
		0162805C1F7B95D500FB1577 /* Debug */ = {
			isa = XCBuildConfiguration;
			buildSettings = {
				INFOPLIST_FILE = APPlayerUITests/Info.plist;
				LD_RUNPATH_SEARCH_PATHS = "$(inherited) @executable_path/Frameworks @loader_path/Frameworks";
				PRODUCT_BUNDLE_IDENTIFIER = ajmide.APPlayerUITests;
				PRODUCT_NAME = "$(TARGET_NAME)";
				TEST_TARGET_NAME = APPlayer;
			};
			name = Debug;
		};
		0162805D1F7B95D500FB1577 /* Release */ = {
			isa = XCBuildConfiguration;
			buildSettings = {
				INFOPLIST_FILE = APPlayerUITests/Info.plist;
				LD_RUNPATH_SEARCH_PATHS = "$(inherited) @executable_path/Frameworks @loader_path/Frameworks";
				PRODUCT_BUNDLE_IDENTIFIER = ajmide.APPlayerUITests;
				PRODUCT_NAME = "$(TARGET_NAME)";
				TEST_TARGET_NAME = APPlayer;
			};
			name = Release;
		};
/* End XCBuildConfiguration section */

/* Begin XCConfigurationList section */
		016280231F7B95D500FB1577 /* Build configuration list for PBXProject "APPlayer" */ = {
			isa = XCConfigurationList;
			buildConfigurations = (
				016280531F7B95D500FB1577 /* Debug */,
				016280541F7B95D500FB1577 /* Release */,
			);
			defaultConfigurationIsVisible = 0;
			defaultConfigurationName = Release;
		};
		016280551F7B95D500FB1577 /* Build configuration list for PBXNativeTarget "APPlayer" */ = {
			isa = XCConfigurationList;
			buildConfigurations = (
				016280561F7B95D500FB1577 /* Debug */,
				016280571F7B95D500FB1577 /* Release */,
			);
			defaultConfigurationIsVisible = 0;
			defaultConfigurationName = Release;
		};
		016280581F7B95D500FB1577 /* Build configuration list for PBXNativeTarget "APPlayerTests" */ = {
			isa = XCConfigurationList;
			buildConfigurations = (
				016280591F7B95D500FB1577 /* Debug */,
				0162805A1F7B95D500FB1577 /* Release */,
			);
			defaultConfigurationIsVisible = 0;
			defaultConfigurationName = Release;
		};
		0162805B1F7B95D500FB1577 /* Build configuration list for PBXNativeTarget "APPlayerUITests" */ = {
			isa = XCConfigurationList;
			buildConfigurations = (
				0162805C1F7B95D500FB1577 /* Debug */,
				0162805D1F7B95D500FB1577 /* Release */,
			);
			defaultConfigurationIsVisible = 0;
			defaultConfigurationName = Release;
		};
/* End XCConfigurationList section */
	};
	rootObject = 016280201F7B95D500FB1577 /* Project object */;
}
